
Microsoft Visual Studio Solution File, Format Version 12.00
# Blend for Visual Studio 14
VisualStudioVersion = 14.0.25123.0
MinimumVisualStudioVersion = 10.0.40219.1
Project("{FAE04EC0-301F-11D3-BF4B-00C04F79EFBC}") = "aarpdll3nasty", "aarpdll3nasty\aarpdll3nasty.csproj", "{730C30D9-5C5F-453A-94C9-C37A7376BE82}"
EndProject
Global
	GlobalSection(SolutionConfigurationPlatforms) = preSolution
		Debug|Any CPU = Debug|Any CPU
		Release|Any CPU = Release|Any CPU
	EndGlobalSection
	GlobalSection(ProjectConfigurationPlatforms) = postSolution
		{730C30D9-5C5F-453A-94C9-C37A7376BE82}.Debug|Any CPU.ActiveCfg = Debug|Any CPU
		{730C30D9-5C5F-453A-94C9-C37A7376BE82}.Debug|Any CPU.Build.0 = Debug|Any CPU
		{730C30D9-5C5F-453A-94C9-C37A7376BE82}.Release|Any CPU.ActiveCfg = Release|Any CPU
		{730C30D9-5C5F-453A-94C9-C37A7376BE82}.Release|Any CPU.Build.0 = Release|Any CPU
	EndGlobalSection
	GlobalSection(SolutionProperties) = preSolution
		HideSolutionNode = FALSE
	EndGlobalSection
EndGlobal
